github.com/go-chi/chi/v5 v5.0.0/go.mod h1:BBug9lr0cqtdAhsu6R4AAdvufI0/XBzAQSsUqJpoZOs=
github.com/go-chi/chi/v5 v5.0.8 h1:lD+NLqFcAi1ovnVZpsnObHGW4xb4J8lNmoYVfECH1Y0=
github.com/go-chi/chi/v5 v5.0.8/go.mod h1:DslCQbL2OYiznFReuXYUmQ2hGd1aDpCnlMNITLSKoi8=
github.com/go-chi/hostrouter v0.2.0 h1:GwC7TZz8+SlJN/tV/aeJgx4F+mI5+sp+5H1PelQUjHM=
github.com/go-chi/hostrouter v0.2.0/go.mod h1:pJ49vWVmtsKRKZivQx0YMYv4h0aX+Gcn6V23Np9Wf1s=
